
Microsoft Visual Studio Solution File, Format Version 12.00
# Visual Studio Version 17
VisualStudioVersion = 17.8.34511.84
MinimumVisualStudioVersion = 10.0.40219.1
Project("{9A19103F-16F7-4668-BE54-9A1E7A4F7556}") = "AAPRPOEPART2", "AAPRPOEPART2\AAPRPOEPART2.csproj", "{8AC3AD07-84A2-4120-A7F3-638812C0EE93}"
EndProject
Global
	GlobalSection(SolutionConfigurationPlatforms) = preSolution
		Debug|Any CPU = Debug|Any CPU
		Release|Any CPU = Release|Any CPU
	EndGlobalSection
	GlobalSection(ProjectConfigurationPlatforms) = postSolution
		{8AC3AD07-84A2-4120-A7F3-638812C0EE93}.Debug|Any CPU.ActiveCfg = Debug|Any CPU
		{8AC3AD07-84A2-4120-A7F3-638812C0EE93}.Debug|Any CPU.Build.0 = Debug|Any CPU
		{8AC3AD07-84A2-4120-A7F3-638812C0EE93}.Release|Any CPU.ActiveCfg = Release|Any CPU
		{8AC3AD07-84A2-4120-A7F3-638812C0EE93}.Release|Any CPU.Build.0 = Release|Any CPU
	EndGlobalSection
	GlobalSection(SolutionProperties) = preSolution
		HideSolutionNode = FALSE
	EndGlobalSection
	GlobalSection(ExtensibilityGlobals) = postSolution
		SolutionGuid = {B1BCBEC2-4392-4DA1-BF2F-FD86A16A873F}
	EndGlobalSection
EndGlobal
